
Microsoft Visual Studio Solution File, Format Version 12.00
# Visual Studio Version 16
VisualStudioVersion = 16.0.30516.212
MinimumVisualStudioVersion = 10.0.40219.1
Project("{9A19103F-16F7-4668-BE54-9A1E7A4F7556}") = "WindowManagement", "WindowManagement.csproj", "{C2C792CB-6BE3-4198-A753-504CF05295A2}"
EndProject
Global
	GlobalSection(SolutionConfigurationPlatforms) = preSolution
		Debug|Any CPU = Debug|Any CPU
		Release|Any CPU = Release|Any CPU
	EndGlobalSection
	GlobalSection(ProjectConfigurationPlatforms) = postSolution
		{C2C792CB-6BE3-4198-A753-504CF05295A2}.Debug|Any CPU.ActiveCfg = Debug|Any CPU
		{C2C792CB-6BE3-4198-A753-504CF05295A2}.Debug|Any CPU.Build.0 = Debug|Any CPU
		{C2C792CB-6BE3-4198-A753-504CF05295A2}.Release|Any CPU.ActiveCfg = Release|Any CPU
		{C2C792CB-6BE3-4198-A753-504CF05295A2}.Release|Any CPU.Build.0 = Release|Any CPU
	EndGlobalSection
	GlobalSection(SolutionProperties) = preSolution
		HideSolutionNode = FALSE
	EndGlobalSection
	GlobalSection(ExtensibilityGlobals) = postSolution
		SolutionGuid = {EDD64D82-3C92-4E14-B68B-AA4658824FD4}
	EndGlobalSection
EndGlobal
